
Microsoft Visual Studio Solution File, Format Version 12.00
# Visual Studio Version 16
VisualStudioVersion = 16.0.31702.278
MinimumVisualStudioVersion = 10.0.40219.1
Project("{FAE04EC0-301F-11D3-BF4B-00C04F79EFBC}") = "App2.Android", "App2\App2.Android\App2.Android.csproj", "{4AE13061-68F1-4557-8121-684548714BB4}"
EndProject
Project("{FAE04EC0-301F-11D3-BF4B-00C04F79EFBC}") = "App2.iOS", "App2\App2.iOS\App2.iOS.csproj", "{52637DBB-CD01-48FB-86EA-61C2D696A59A}"
EndProject
Project("{FAE04EC0-301F-11D3-BF4B-00C04F79EFBC}") = "App2", "App2\App2\App2.csproj", "{61D6AA24-82BF-450E-BCF6-D092AB4112F3}"
EndProject
Global
	GlobalSection(SolutionConfigurationPlatforms) = preSolution
		Debug|Any CPU = Debug|Any CPU
		Debug|iPhone = Debug|iPhone
		Debug|iPhoneSimulator = Debug|iPhoneSimulator
		Release|Any CPU = Release|Any CPU
		Release|iPhone = Release|iPhone
		Release|iPhoneSimulator = Release|iPhoneSimulator
	EndGlobalSection
	GlobalSection(ProjectConfigurationPlatforms) = postSolution
		{4AE13061-68F1-4557-8121-684548714BB4}.Debug|Any CPU.ActiveCfg = Debug|Any CPU
		{4AE13061-68F1-4557-8121-684548714BB4}.Debug|Any CPU.Build.0 = Debug|Any CPU
		{4AE13061-68F1-4557-8121-684548714BB4}.Debug|Any CPU.Deploy.0 = Debug|Any CPU
		{4AE13061-68F1-4557-8121-684548714BB4}.Debug|iPhone.ActiveCfg = Debug|Any CPU
		{4AE13061-68F1-4557-8121-684548714BB4}.Debug|iPhone.Build.0 = Debug|Any CPU
		{4AE13061-68F1-4557-8121-684548714BB4}.Debug|iPhone.Deploy.0 = Debug|Any CPU
		{4AE13061-68F1-4557-8121-684548714BB4}.Debug|iPhoneSimulator.ActiveCfg = Debug|Any CPU
		{4AE13061-68F1-4557-8121-684548714BB4}.Debug|iPhoneSimulator.Build.0 = Debug|Any CPU
		{4AE13061-68F1-4557-8121-684548714BB4}.Debug|iPhoneSimulator.Deploy.0 = Debug|Any CPU
		{4AE13061-68F1-4557-8121-684548714BB4}.Release|Any CPU.ActiveCfg = Release|Any CPU
		{4AE13061-68F1-4557-8121-684548714BB4}.Release|Any CPU.Build.0 = Release|Any CPU
		{4AE13061-68F1-4557-8121-684548714BB4}.Release|Any CPU.Deploy.0 = Release|Any CPU
		{4AE13061-68F1-4557-8121-684548714BB4}.Release|iPhone.ActiveCfg = Release|Any CPU
		{4AE13061-68F1-4557-8121-684548714BB4}.Release|iPhone.Build.0 = Release|Any CPU
		{4AE13061-68F1-4557-8121-684548714BB4}.Release|iPhone.Deploy.0 = Release|Any CPU
		{4AE13061-68F1-4557-8121-684548714BB4}.Release|iPhoneSimulator.ActiveCfg = Release|Any CPU
		{4AE13061-68F1-4557-8121-684548714BB4}.Release|iPhoneSimulator.Build.0 = Release|Any CPU
		{4AE13061-68F1-4557-8121-684548714BB4}.Release|iPhoneSimulator.Deploy.0 = Release|Any CPU
		{52637DBB-CD01-48FB-86EA-61C2D696A59A}.Debug|Any CPU.ActiveCfg = Debug|iPhone
		{52637DBB-CD01-48FB-86EA-61C2D696A59A}.Debug|Any CPU.Build.0 = Debug|iPhone
		{52637DBB-CD01-48FB-86EA-61C2D696A59A}.Debug|Any CPU.Deploy.0 = Debug|iPhone
		{52637DBB-CD01-48FB-86EA-61C2D696A59A}.Debug|iPhone.ActiveCfg = Debug|iPhone
		{52637DBB-CD01-48FB-86EA-61C2D696A59A}.Debug|iPhone.Build.0 = Debug|iPhone
		{52637DBB-CD01-48FB-86EA-61C2D696A59A}.Debug|iPhone.Deploy.0 = Debug|iPhone
		{52637DBB-CD01-48FB-86EA-61C2D696A59A}.Debug|iPhoneSimulator.ActiveCfg = Debug|iPhoneSimulator
		{52637DBB-CD01-48FB-86EA-61C2D696A59A}.Debug|iPhoneSimulator.Build.0 = Debug|iPhoneSimulator
		{52637DBB-CD01-48FB-86EA-61C2D696A59A}.Debug|iPhoneSimulator.Deploy.0 = Debug|iPhoneSimulator
		{52637DBB-CD01-48FB-86EA-61C2D696A59A}.Release|Any CPU.ActiveCfg = Release|iPhoneSimulator
		{52637DBB-CD01-48FB-86EA-61C2D696A59A}.Release|Any CPU.Build.0 = Release|iPhoneSimulator
		{52637DBB-CD01-48FB-86EA-61C2D696A59A}.Release|Any CPU.Deploy.0 = Release|iPhoneSimulator
		{52637DBB-CD01-48FB-86EA-61C2D696A59A}.Release|iPhone.ActiveCfg = Release|iPhone
		{52637DBB-CD01-48FB-86EA-61C2D696A59A}.Release|iPhone.Build.0 = Release|iPhone
		{52637DBB-CD01-48FB-86EA-61C2D696A59A}.Release|iPhone.Deploy.0 = Release|iPhone
		{52637DBB-CD01-48FB-86EA-61C2D696A59A}.Release|iPhoneSimulator.ActiveCfg = Release|iPhoneSimulator
		{52637DBB-CD01-48FB-86EA-61C2D696A59A}.Release|iPhoneSimulator.Build.0 = Release|iPhoneSimulator
		{52637DBB-CD01-48FB-86EA-61C2D696A59A}.Release|iPhoneSimulator.Deploy.0 = Release|iPhoneSimulator
		{61D6AA24-82BF-450E-BCF6-D092AB4112F3}.Debug|Any CPU.ActiveCfg = Debug|Any CPU
		{61D6AA24-82BF-450E-BCF6-D092AB4112F3}.Debug|Any CPU.Build.0 = Debug|Any CPU
		{61D6AA24-82BF-450E-BCF6-D092AB4112F3}.Debug|Any CPU.Deploy.0 = Debug|Any CPU
		{61D6AA24-82BF-450E-BCF6-D092AB4112F3}.Debug|iPhone.ActiveCfg = Debug|Any CPU
		{61D6AA24-82BF-450E-BCF6-D092AB4112F3}.Debug|iPhone.Build.0 = Debug|Any CPU
		{61D6AA24-82BF-450E-BCF6-D092AB4112F3}.Debug|iPhone.Deploy.0 = Debug|Any CPU
		{61D6AA24-82BF-450E-BCF6-D092AB4112F3}.Debug|iPhoneSimulator.ActiveCfg = Debug|Any CPU
		{61D6AA24-82BF-450E-BCF6-D092AB4112F3}.Debug|iPhoneSimulator.Build.0 = Debug|Any CPU
		{61D6AA24-82BF-450E-BCF6-D092AB4112F3}.Debug|iPhoneSimulator.Deploy.0 = Debug|Any CPU
		{61D6AA24-82BF-450E-BCF6-D092AB4112F3}.Release|Any CPU.ActiveCfg = Release|Any CPU
		{61D6AA24-82BF-450E-BCF6-D092AB4112F3}.Release|Any CPU.Build.0 = Release|Any CPU
		{61D6AA24-82BF-450E-BCF6-D092AB4112F3}.Release|Any CPU.Deploy.0 = Release|Any CPU
		{61D6AA24-82BF-450E-BCF6-D092AB4112F3}.Release|iPhone.ActiveCfg = Release|Any CPU
		{61D6AA24-82BF-450E-BCF6-D092AB4112F3}.Release|iPhone.Build.0 = Release|Any CPU
		{61D6AA24-82BF-450E-BCF6-D092AB4112F3}.Release|iPhone.Deploy.0 = Release|Any CPU
		{61D6AA24-82BF-450E-BCF6-D092AB4112F3}.Release|iPhoneSimulator.ActiveCfg = Release|Any CPU
		{61D6AA24-82BF-450E-BCF6-D092AB4112F3}.Release|iPhoneSimulator.Build.0 = Release|Any CPU
		{61D6AA24-82BF-450E-BCF6-D092AB4112F3}.Release|iPhoneSimulator.Deploy.0 = Release|Any CPU
	EndGlobalSection
	GlobalSection(SolutionProperties) = preSolution
		HideSolutionNode = FALSE
	EndGlobalSection
	GlobalSection(ExtensibilityGlobals) = postSolution
		SolutionGuid = {0D4368F7-CE1D-4041-ABB0-3E86F75D67AA}
	EndGlobalSection
EndGlobal
